// !$*UTF8*$!
{
	archiveVersion = 1;
	classes = {
	};
	objectVersion = 46;
	objects = {

/* Begin PBXBuildFile section */
		OBJ_100 /* CAsl.framework in Frameworks */ = {isa = PBXBuildFile; fileRef = OBJ_34 /* CAsl.framework */; };
		OBJ_101 /* Ascii.framework in Frameworks */ = {isa = PBXBuildFile; fileRef = OBJ_35 /* Ascii.framework */; };
		OBJ_102 /* SwifterJSON.framework in Frameworks */ = {isa = PBXBuildFile; fileRef = OBJ_36 /* SwifterJSON.framework */; };
		OBJ_103 /* SwifterSockets.framework in Frameworks */ = {isa = PBXBuildFile; fileRef = OBJ_37 /* SwifterSockets.framework */; };
		OBJ_104 /* SwifterLog.framework in Frameworks */ = {isa = PBXBuildFile; fileRef = OBJ_38 /* SwifterLog.framework */; };
		OBJ_46 /* CAsl.m in Sources */ = {isa = PBXBuildFile; fileRef = OBJ_9 /* CAsl.m */; };
		OBJ_53 /* Ascii.swift in Sources */ = {isa = PBXBuildFile; fileRef = OBJ_14 /* Ascii.swift */; };
		OBJ_60 /* VJson.swift in Sources */ = {isa = PBXBuildFile; fileRef = OBJ_16 /* VJson.swift */; };
		OBJ_62 /* Ascii.framework in Frameworks */ = {isa = PBXBuildFile; fileRef = OBJ_35 /* Ascii.framework */; };
		OBJ_69 /* SwifterSockets.Accept.swift in Sources */ = {isa = PBXBuildFile; fileRef = OBJ_18 /* SwifterSockets.Accept.swift */; };
		OBJ_70 /* SwifterSockets.Client.swift in Sources */ = {isa = PBXBuildFile; fileRef = OBJ_19 /* SwifterSockets.Client.swift */; };
		OBJ_71 /* SwifterSockets.Connection.swift in Sources */ = {isa = PBXBuildFile; fileRef = OBJ_20 /* SwifterSockets.Connection.swift */; };
		OBJ_72 /* SwifterSockets.Receive.swift in Sources */ = {isa = PBXBuildFile; fileRef = OBJ_21 /* SwifterSockets.Receive.swift */; };
		OBJ_73 /* SwifterSockets.Server.swift in Sources */ = {isa = PBXBuildFile; fileRef = OBJ_22 /* SwifterSockets.Server.swift */; };
		OBJ_74 /* SwifterSockets.swift in Sources */ = {isa = PBXBuildFile; fileRef = OBJ_23 /* SwifterSockets.swift */; };
		OBJ_75 /* SwifterSockets.Transmit.swift in Sources */ = {isa = PBXBuildFile; fileRef = OBJ_24 /* SwifterSockets.Transmit.swift */; };
		OBJ_82 /* SwifterLog.Network.swift in Sources */ = {isa = PBXBuildFile; fileRef = OBJ_26 /* SwifterLog.Network.swift */; };
		OBJ_83 /* SwifterLog.swift in Sources */ = {isa = PBXBuildFile; fileRef = OBJ_27 /* SwifterLog.swift */; };
		OBJ_85 /* CAsl.framework in Frameworks */ = {isa = PBXBuildFile; fileRef = OBJ_34 /* CAsl.framework */; };
		OBJ_86 /* Ascii.framework in Frameworks */ = {isa = PBXBuildFile; fileRef = OBJ_35 /* Ascii.framework */; };
		OBJ_87 /* SwifterJSON.framework in Frameworks */ = {isa = PBXBuildFile; fileRef = OBJ_36 /* SwifterJSON.framework */; };
		OBJ_88 /* SwifterSockets.framework in Frameworks */ = {isa = PBXBuildFile; fileRef = OBJ_37 /* SwifterSockets.framework */; };
		OBJ_98 /* SwifterLogTests.swift in Sources */ = {isa = PBXBuildFile; fileRef = OBJ_30 /* SwifterLogTests.swift */; };
/* End PBXBuildFile section */

/* Begin PBXContainerItemProxy section */
		86C5A52D1E4CE5D6001203CE /* PBXContainerItemProxy */ = {
			isa = PBXContainerItemProxy;
			containerPortal = OBJ_1 /* Project object */;
			proxyType = 1;
			remoteGlobalIDString = OBJ_48;
			remoteInfo = Ascii;
		};
		86C5A52E1E4CE5D6001203CE /* PBXContainerItemProxy */ = {
			isa = PBXContainerItemProxy;
			containerPortal = OBJ_1 /* Project object */;
			proxyType = 1;
			remoteGlobalIDString = OBJ_40;
			remoteInfo = CAsl;
		};
		86C5A52F1E4CE5D6001203CE /* PBXContainerItemProxy */ = {
			isa = PBXContainerItemProxy;
			containerPortal = OBJ_1 /* Project object */;
			proxyType = 1;
			remoteGlobalIDString = OBJ_48;
			remoteInfo = Ascii;
		};
		86C5A5301E4CE5D6001203CE /* PBXContainerItemProxy */ = {
			isa = PBXContainerItemProxy;
			containerPortal = OBJ_1 /* Project object */;
			proxyType = 1;
			remoteGlobalIDString = OBJ_55;
			remoteInfo = SwifterJSON;
		};
		86C5A5311E4CE5D6001203CE /* PBXContainerItemProxy */ = {
			isa = PBXContainerItemProxy;
			containerPortal = OBJ_1 /* Project object */;
			proxyType = 1;
			remoteGlobalIDString = OBJ_64;
			remoteInfo = SwifterSockets;
		};
		86C5A5321E4CE5D6001203CE /* PBXContainerItemProxy */ = {
			isa = PBXContainerItemProxy;
			containerPortal = OBJ_1 /* Project object */;
			proxyType = 1;
			remoteGlobalIDString = OBJ_40;
			remoteInfo = CAsl;
		};
		86C5A5331E4CE5D6001203CE /* PBXContainerItemProxy */ = {
			isa = PBXContainerItemProxy;
			containerPortal = OBJ_1 /* Project object */;
			proxyType = 1;
			remoteGlobalIDString = OBJ_48;
			remoteInfo = Ascii;
		};
		86C5A5341E4CE5D6001203CE /* PBXContainerItemProxy */ = {
			isa = PBXContainerItemProxy;
			containerPortal = OBJ_1 /* Project object */;
			proxyType = 1;
			remoteGlobalIDString = OBJ_55;
			remoteInfo = SwifterJSON;
		};
		86C5A5351E4CE5D6001203CE /* PBXContainerItemProxy */ = {
			isa = PBXContainerItemProxy;
			containerPortal = OBJ_1 /* Project object */;
			proxyType = 1;
			remoteGlobalIDString = OBJ_64;
			remoteInfo = SwifterSockets;
		};
		86C5A5361E4CE5D6001203CE /* PBXContainerItemProxy */ = {
			isa = PBXContainerItemProxy;
			containerPortal = OBJ_1 /* Project object */;
			proxyType = 1;
			remoteGlobalIDString = OBJ_77;
			remoteInfo = SwifterLog;
		};
/* End PBXContainerItemProxy section */

/* Begin PBXFileReference section */
		OBJ_11 /* CAsl.h */ = {isa = PBXFileReference; lastKnownFileType = sourcecode.c.h; path = CAsl.h; sourceTree = "<group>"; };
		OBJ_12 /* module.modulemap */ = {isa = PBXFileReference; lastKnownFileType = "sourcecode.module-map"; name = module.modulemap; path = /Volumes/Home/Users/Rien/Documents/Projects/SwifterLog/SwifterLog.xcodeproj/GeneratedModuleMap/CAsl/module.modulemap; sourceTree = "<group>"; };
		OBJ_14 /* Ascii.swift */ = {isa = PBXFileReference; lastKnownFileType = sourcecode.swift; path = Ascii.swift; sourceTree = "<group>"; };
		OBJ_16 /* VJson.swift */ = {isa = PBXFileReference; lastKnownFileType = sourcecode.swift; path = VJson.swift; sourceTree = "<group>"; };
		OBJ_18 /* SwifterSockets.Accept.swift */ = {isa = PBXFileReference; lastKnownFileType = sourcecode.swift; path = SwifterSockets.Accept.swift; sourceTree = "<group>"; };
		OBJ_19 /* SwifterSockets.Client.swift */ = {isa = PBXFileReference; lastKnownFileType = sourcecode.swift; path = SwifterSockets.Client.swift; sourceTree = "<group>"; };
		OBJ_20 /* SwifterSockets.Connection.swift */ = {isa = PBXFileReference; lastKnownFileType = sourcecode.swift; path = SwifterSockets.Connection.swift; sourceTree = "<group>"; };
		OBJ_21 /* SwifterSockets.Receive.swift */ = {isa = PBXFileReference; lastKnownFileType = sourcecode.swift; path = SwifterSockets.Receive.swift; sourceTree = "<group>"; };
		OBJ_22 /* SwifterSockets.Server.swift */ = {isa = PBXFileReference; lastKnownFileType = sourcecode.swift; path = SwifterSockets.Server.swift; sourceTree = "<group>"; };
		OBJ_23 /* SwifterSockets.swift */ = {isa = PBXFileReference; lastKnownFileType = sourcecode.swift; path = SwifterSockets.swift; sourceTree = "<group>"; };
		OBJ_24 /* SwifterSockets.Transmit.swift */ = {isa = PBXFileReference; lastKnownFileType = sourcecode.swift; path = SwifterSockets.Transmit.swift; sourceTree = "<group>"; };
		OBJ_26 /* SwifterLog.Network.swift */ = {isa = PBXFileReference; lastKnownFileType = sourcecode.swift; path = SwifterLog.Network.swift; sourceTree = "<group>"; };
		OBJ_27 /* SwifterLog.swift */ = {isa = PBXFileReference; lastKnownFileType = sourcecode.swift; path = SwifterLog.swift; sourceTree = "<group>"; };
		OBJ_30 /* SwifterLogTests.swift */ = {isa = PBXFileReference; lastKnownFileType = sourcecode.swift; path = SwifterLogTests.swift; sourceTree = "<group>"; };
		OBJ_31 /* build */ = {isa = PBXFileReference; lastKnownFileType = folder; path = build; sourceTree = SOURCE_ROOT; };
		OBJ_32 /* docs */ = {isa = PBXFileReference; lastKnownFileType = folder; path = docs; sourceTree = SOURCE_ROOT; };
		OBJ_34 /* CAsl.framework */ = {isa = PBXFileReference; explicitFileType = wrapper.framework; path = CAsl.framework; sourceTree = BUILT_PRODUCTS_DIR; };
		OBJ_35 /* Ascii.framework */ = {isa = PBXFileReference; explicitFileType = wrapper.framework; path = Ascii.framework; sourceTree = BUILT_PRODUCTS_DIR; };
		OBJ_36 /* SwifterJSON.framework */ = {isa = PBXFileReference; explicitFileType = wrapper.framework; path = SwifterJSON.framework; sourceTree = BUILT_PRODUCTS_DIR; };
		OBJ_37 /* SwifterSockets.framework */ = {isa = PBXFileReference; explicitFileType = wrapper.framework; path = SwifterSockets.framework; sourceTree = BUILT_PRODUCTS_DIR; };
		OBJ_38 /* SwifterLog.framework */ = {isa = PBXFileReference; explicitFileType = wrapper.framework; path = SwifterLog.framework; sourceTree = BUILT_PRODUCTS_DIR; };
		OBJ_39 /* SwifterLogTests.xctest */ = {isa = PBXFileReference; lastKnownFileType = file; path = SwifterLogTests.xctest; sourceTree = BUILT_PRODUCTS_DIR; };
		OBJ_6 /* Package.swift */ = {isa = PBXFileReference; explicitFileType = sourcecode.swift; path = Package.swift; sourceTree = "<group>"; };
		OBJ_9 /* CAsl.m */ = {isa = PBXFileReference; lastKnownFileType = sourcecode.c.objc; path = CAsl.m; sourceTree = "<group>"; };
/* End PBXFileReference section */

/* Begin PBXFrameworksBuildPhase section */
		OBJ_47 /* Frameworks */ = {
			isa = PBXFrameworksBuildPhase;
			buildActionMask = 0;
			files = (
			);
			runOnlyForDeploymentPostprocessing = 0;
		};
		OBJ_54 /* Frameworks */ = {
			isa = PBXFrameworksBuildPhase;
			buildActionMask = 0;
			files = (
			);
			runOnlyForDeploymentPostprocessing = 0;
		};
		OBJ_61 /* Frameworks */ = {
			isa = PBXFrameworksBuildPhase;
			buildActionMask = 0;
			files = (
				OBJ_62 /* Ascii.framework in Frameworks */,
			);
			runOnlyForDeploymentPostprocessing = 0;
		};
		OBJ_76 /* Frameworks */ = {
			isa = PBXFrameworksBuildPhase;
			buildActionMask = 0;
			files = (
			);
			runOnlyForDeploymentPostprocessing = 0;
		};
		OBJ_84 /* Frameworks */ = {
			isa = PBXFrameworksBuildPhase;
			buildActionMask = 0;
			files = (
				OBJ_85 /* CAsl.framework in Frameworks */,
				OBJ_86 /* Ascii.framework in Frameworks */,
				OBJ_87 /* SwifterJSON.framework in Frameworks */,
				OBJ_88 /* SwifterSockets.framework in Frameworks */,
			);
			runOnlyForDeploymentPostprocessing = 0;
		};
		OBJ_99 /* Frameworks */ = {
			isa = PBXFrameworksBuildPhase;
			buildActionMask = 0;
			files = (
				OBJ_100 /* CAsl.framework in Frameworks */,
				OBJ_101 /* Ascii.framework in Frameworks */,
				OBJ_102 /* SwifterJSON.framework in Frameworks */,
				OBJ_103 /* SwifterSockets.framework in Frameworks */,
				OBJ_104 /* SwifterLog.framework in Frameworks */,
			);
			runOnlyForDeploymentPostprocessing = 0;
		};
/* End PBXFrameworksBuildPhase section */

/* Begin PBXGroup section */
		OBJ_10 /* include */ = {
			isa = PBXGroup;
			children = (
				OBJ_11 /* CAsl.h */,
				OBJ_12 /* module.modulemap */,
			);
			path = include;
			sourceTree = "<group>";
		};
		OBJ_13 /* Ascii */ = {
			isa = PBXGroup;
			children = (
				OBJ_14 /* Ascii.swift */,
			);
			name = Ascii;
			path = "Packages/Ascii-1.0.0/Sources";
			sourceTree = SOURCE_ROOT;
		};
		OBJ_15 /* SwifterJSON */ = {
			isa = PBXGroup;
			children = (
				OBJ_16 /* VJson.swift */,
			);
			name = SwifterJSON;
			path = "Packages/SwifterJSON-0.9.16/Sources";
			sourceTree = SOURCE_ROOT;
		};
		OBJ_17 /* SwifterSockets */ = {
			isa = PBXGroup;
			children = (
				OBJ_18 /* SwifterSockets.Accept.swift */,
				OBJ_19 /* SwifterSockets.Client.swift */,
				OBJ_20 /* SwifterSockets.Connection.swift */,
				OBJ_21 /* SwifterSockets.Receive.swift */,
				OBJ_22 /* SwifterSockets.Server.swift */,
				OBJ_23 /* SwifterSockets.swift */,
				OBJ_24 /* SwifterSockets.Transmit.swift */,
			);
			name = SwifterSockets;
			path = "Packages/SwifterSockets-0.9.13/Sources";
			sourceTree = SOURCE_ROOT;
		};
		OBJ_25 /* SwifterLog */ = {
			isa = PBXGroup;
			children = (
				OBJ_26 /* SwifterLog.Network.swift */,
				OBJ_27 /* SwifterLog.swift */,
			);
			name = SwifterLog;
			path = Sources;
			sourceTree = SOURCE_ROOT;
		};
		OBJ_28 /* Tests */ = {
			isa = PBXGroup;
			children = (
				OBJ_29 /* SwifterLogTests */,
			);
			path = Tests;
			sourceTree = "<group>";
		};
		OBJ_29 /* SwifterLogTests */ = {
			isa = PBXGroup;
			children = (
				OBJ_30 /* SwifterLogTests.swift */,
			);
			name = SwifterLogTests;
			path = Tests/SwifterLogTests;
			sourceTree = SOURCE_ROOT;
		};
		OBJ_33 /* Products */ = {
			isa = PBXGroup;
			children = (
				OBJ_34 /* CAsl.framework */,
				OBJ_35 /* Ascii.framework */,
				OBJ_36 /* SwifterJSON.framework */,
				OBJ_37 /* SwifterSockets.framework */,
				OBJ_38 /* SwifterLog.framework */,
				OBJ_39 /* SwifterLogTests.xctest */,
			);
			name = Products;
			sourceTree = BUILT_PRODUCTS_DIR;
		};
		OBJ_5 /*  */ = {
			isa = PBXGroup;
			children = (
				OBJ_6 /* Package.swift */,
				OBJ_7 /* Sources */,
				OBJ_28 /* Tests */,
				OBJ_31 /* build */,
				OBJ_32 /* docs */,
				OBJ_33 /* Products */,
			);
			name = "";
			sourceTree = "<group>";
		};
		OBJ_7 /* Sources */ = {
			isa = PBXGroup;
			children = (
				OBJ_8 /* CAsl */,
				OBJ_13 /* Ascii */,
				OBJ_15 /* SwifterJSON */,
				OBJ_17 /* SwifterSockets */,
				OBJ_25 /* SwifterLog */,
			);
			path = Sources;
			sourceTree = "<group>";
		};
		OBJ_8 /* CAsl */ = {
			isa = PBXGroup;
			children = (
				OBJ_9 /* CAsl.m */,
				OBJ_10 /* include */,
			);
			name = CAsl;
			path = "Packages/CAsl-0.1.0/Sources";
			sourceTree = SOURCE_ROOT;
		};
/* End PBXGroup section */

/* Begin PBXNativeTarget section */
		OBJ_40 /* CAsl */ = {
			isa = PBXNativeTarget;
			buildConfigurationList = OBJ_41 /* Build configuration list for PBXNativeTarget "CAsl" */;
			buildPhases = (
				OBJ_44 /* ShellScript */,
				OBJ_45 /* Sources */,
				OBJ_47 /* Frameworks */,
			);
			buildRules = (
			);
			dependencies = (
			);
			name = CAsl;
			productName = CAsl;
			productReference = OBJ_34 /* CAsl.framework */;
			productType = "com.apple.product-type.framework";
		};
		OBJ_48 /* Ascii */ = {
			isa = PBXNativeTarget;
			buildConfigurationList = OBJ_49 /* Build configuration list for PBXNativeTarget "Ascii" */;
			buildPhases = (
				OBJ_52 /* Sources */,
				OBJ_54 /* Frameworks */,
			);
			buildRules = (
			);
			dependencies = (
			);
			name = Ascii;
			productName = Ascii;
			productReference = OBJ_35 /* Ascii.framework */;
			productType = "com.apple.product-type.framework";
		};
		OBJ_55 /* SwifterJSON */ = {
			isa = PBXNativeTarget;
			buildConfigurationList = OBJ_56 /* Build configuration list for PBXNativeTarget "SwifterJSON" */;
			buildPhases = (
				OBJ_59 /* Sources */,
				OBJ_61 /* Frameworks */,
			);
			buildRules = (
			);
			dependencies = (
				OBJ_63 /* PBXTargetDependency */,
			);
			name = SwifterJSON;
			productName = SwifterJSON;
			productReference = OBJ_36 /* SwifterJSON.framework */;
			productType = "com.apple.product-type.framework";
		};
		OBJ_64 /* SwifterSockets */ = {
			isa = PBXNativeTarget;
			buildConfigurationList = OBJ_65 /* Build configuration list for PBXNativeTarget "SwifterSockets" */;
			buildPhases = (
				OBJ_68 /* Sources */,
				OBJ_76 /* Frameworks */,
			);
			buildRules = (
			);
			dependencies = (
			);
			name = SwifterSockets;
			productName = SwifterSockets;
			productReference = OBJ_37 /* SwifterSockets.framework */;
			productType = "com.apple.product-type.framework";
		};
		OBJ_77 /* SwifterLog */ = {
			isa = PBXNativeTarget;
			buildConfigurationList = OBJ_78 /* Build configuration list for PBXNativeTarget "SwifterLog" */;
			buildPhases = (
				OBJ_81 /* Sources */,
				OBJ_84 /* Frameworks */,
			);
			buildRules = (
			);
			dependencies = (
				OBJ_89 /* PBXTargetDependency */,
				OBJ_90 /* PBXTargetDependency */,
				OBJ_91 /* PBXTargetDependency */,
				OBJ_92 /* PBXTargetDependency */,
			);
			name = SwifterLog;
			productName = SwifterLog;
			productReference = OBJ_38 /* SwifterLog.framework */;
			productType = "com.apple.product-type.framework";
		};
		OBJ_93 /* SwifterLogTests */ = {
			isa = PBXNativeTarget;
			buildConfigurationList = OBJ_94 /* Build configuration list for PBXNativeTarget "SwifterLogTests" */;
			buildPhases = (
				OBJ_97 /* Sources */,
				OBJ_99 /* Frameworks */,
			);
			buildRules = (
			);
			dependencies = (
				OBJ_105 /* PBXTargetDependency */,
				OBJ_106 /* PBXTargetDependency */,
				OBJ_107 /* PBXTargetDependency */,
				OBJ_108 /* PBXTargetDependency */,
				OBJ_109 /* PBXTargetDependency */,
			);
			name = SwifterLogTests;
			productName = SwifterLogTests;
			productReference = OBJ_39 /* SwifterLogTests.xctest */;
			productType = "com.apple.product-type.bundle.unit-test";
		};
/* End PBXNativeTarget section */

/* Begin PBXProject section */
		OBJ_1 /* Project object */ = {
			isa = PBXProject;
			attributes = {
				LastUpgradeCheck = 9999;
			};
			buildConfigurationList = OBJ_2 /* Build configuration list for PBXProject "SwifterLog" */;
			compatibilityVersion = "Xcode 3.2";
			developmentRegion = English;
			hasScannedForEncodings = 0;
			knownRegions = (
				en,
			);
			mainGroup = OBJ_5 /*  */;
			productRefGroup = OBJ_33 /* Products */;
			projectDirPath = "";
			projectRoot = "";
			targets = (
				OBJ_40 /* CAsl */,
				OBJ_48 /* Ascii */,
				OBJ_55 /* SwifterJSON */,
				OBJ_64 /* SwifterSockets */,
				OBJ_77 /* SwifterLog */,
				OBJ_93 /* SwifterLogTests */,
			);
		};
/* End PBXProject section */

/* Begin PBXShellScriptBuildPhase section */
		OBJ_44 /* ShellScript */ = {
			isa = PBXShellScriptBuildPhase;
			buildActionMask = 0;
			files = (
			);
			runOnlyForDeploymentPostprocessing = 0;
			shellPath = /bin/sh;
			shellScript = "mkdir -p \"${PROJECT_TEMP_DIR}/SymlinkLibs\"\nln -sf \"${BUILT_PRODUCTS_DIR}/${EXECUTABLE_PATH}\" \"${PROJECT_TEMP_DIR}/SymlinkLibs/lib${EXECUTABLE_NAME}.dylib\"\n";
		};
/* End PBXShellScriptBuildPhase section */

/* Begin PBXSourcesBuildPhase section */
		OBJ_45 /* Sources */ = {
			isa = PBXSourcesBuildPhase;
			buildActionMask = 0;
			files = (
				OBJ_46 /* CAsl.m in Sources */,
			);
			runOnlyForDeploymentPostprocessing = 0;
		};
		OBJ_52 /* Sources */ = {
			isa = PBXSourcesBuildPhase;
			buildActionMask = 0;
			files = (
				OBJ_53 /* Ascii.swift in Sources */,
			);
			runOnlyForDeploymentPostprocessing = 0;
		};
		OBJ_59 /* Sources */ = {
			isa = PBXSourcesBuildPhase;
			buildActionMask = 0;
			files = (
				OBJ_60 /* VJson.swift in Sources */,
			);
			runOnlyForDeploymentPostprocessing = 0;
		};
		OBJ_68 /* Sources */ = {
			isa = PBXSourcesBuildPhase;
			buildActionMask = 0;
			files = (
				OBJ_69 /* SwifterSockets.Accept.swift in Sources */,
				OBJ_70 /* SwifterSockets.Client.swift in Sources */,
				OBJ_71 /* SwifterSockets.Connection.swift in Sources */,
				OBJ_72 /* SwifterSockets.Receive.swift in Sources */,
				OBJ_73 /* SwifterSockets.Server.swift in Sources */,
				OBJ_74 /* SwifterSockets.swift in Sources */,
				OBJ_75 /* SwifterSockets.Transmit.swift in Sources */,
			);
			runOnlyForDeploymentPostprocessing = 0;
		};
		OBJ_81 /* Sources */ = {
			isa = PBXSourcesBuildPhase;
			buildActionMask = 0;
			files = (
				OBJ_82 /* SwifterLog.Network.swift in Sources */,
				OBJ_83 /* SwifterLog.swift in Sources */,
			);
			runOnlyForDeploymentPostprocessing = 0;
		};
		OBJ_97 /* Sources */ = {
			isa = PBXSourcesBuildPhase;
			buildActionMask = 0;
			files = (
				OBJ_98 /* SwifterLogTests.swift in Sources */,
			);
			runOnlyForDeploymentPostprocessing = 0;
		};
/* End PBXSourcesBuildPhase section */

/* Begin PBXTargetDependency section */
		OBJ_105 /* PBXTargetDependency */ = {
			isa = PBXTargetDependency;
			target = OBJ_40 /* CAsl */;
			targetProxy = 86C5A5321E4CE5D6001203CE /* PBXContainerItemProxy */;
		};
		OBJ_106 /* PBXTargetDependency */ = {
			isa = PBXTargetDependency;
			target = OBJ_48 /* Ascii */;
			targetProxy = 86C5A5331E4CE5D6001203CE /* PBXContainerItemProxy */;
		};
		OBJ_107 /* PBXTargetDependency */ = {
			isa = PBXTargetDependency;
			target = OBJ_55 /* SwifterJSON */;
			targetProxy = 86C5A5341E4CE5D6001203CE /* PBXContainerItemProxy */;
		};
		OBJ_108 /* PBXTargetDependency */ = {
			isa = PBXTargetDependency;
			target = OBJ_64 /* SwifterSockets */;
			targetProxy = 86C5A5351E4CE5D6001203CE /* PBXContainerItemProxy */;
		};
		OBJ_109 /* PBXTargetDependency */ = {
			isa = PBXTargetDependency;
			target = OBJ_77 /* SwifterLog */;
			targetProxy = 86C5A5361E4CE5D6001203CE /* PBXContainerItemProxy */;
		};
		OBJ_63 /* PBXTargetDependency */ = {
			isa = PBXTargetDependency;
			target = OBJ_48 /* Ascii */;
			targetProxy = 86C5A52D1E4CE5D6001203CE /* PBXContainerItemProxy */;
		};
		OBJ_89 /* PBXTargetDependency */ = {
			isa = PBXTargetDependency;
			target = OBJ_40 /* CAsl */;
			targetProxy = 86C5A52E1E4CE5D6001203CE /* PBXContainerItemProxy */;
		};
		OBJ_90 /* PBXTargetDependency */ = {
			isa = PBXTargetDependency;
			target = OBJ_48 /* Ascii */;
			targetProxy = 86C5A52F1E4CE5D6001203CE /* PBXContainerItemProxy */;
		};
		OBJ_91 /* PBXTargetDependency */ = {
			isa = PBXTargetDependency;
			target = OBJ_55 /* SwifterJSON */;
			targetProxy = 86C5A5301E4CE5D6001203CE /* PBXContainerItemProxy */;
		};
		OBJ_92 /* PBXTargetDependency */ = {
			isa = PBXTargetDependency;
			target = OBJ_64 /* SwifterSockets */;
			targetProxy = 86C5A5311E4CE5D6001203CE /* PBXContainerItemProxy */;
		};
/* End PBXTargetDependency section */

/* Begin XCBuildConfiguration section */
		OBJ_3 /* Debug */ = {
			isa = XCBuildConfiguration;
			buildSettings = {
				COMBINE_HIDPI_IMAGES = YES;
				COPY_PHASE_STRIP = NO;
				DEBUG_INFORMATION_FORMAT = dwarf;
				DYLIB_INSTALL_NAME_BASE = "@rpath";
				ENABLE_NS_ASSERTIONS = YES;
				GCC_OPTIMIZATION_LEVEL = 0;
				MACOSX_DEPLOYMENT_TARGET = 10.10;
				ONLY_ACTIVE_ARCH = YES;
				OTHER_SWIFT_FLAGS = "-DXcode";
				PRODUCT_NAME = "$(TARGET_NAME)";
				SDKROOT = macosx;
				SUPPORTED_PLATFORMS = "macosx iphoneos iphonesimulator appletvos appletvsimulator watchos watchsimulator";
				SWIFT_ACTIVE_COMPILATION_CONDITIONS = SWIFT_PACKAGE;
				SWIFT_OPTIMIZATION_LEVEL = "-Onone";
				SWIFT_VERSION = 3.0;
				USE_HEADERMAP = NO;
			};
			name = Debug;
		};
		OBJ_4 /* Release */ = {
			isa = XCBuildConfiguration;
			buildSettings = {
				COMBINE_HIDPI_IMAGES = YES;
				COPY_PHASE_STRIP = YES;
				DEBUG_INFORMATION_FORMAT = "dwarf-with-dsym";
				DYLIB_INSTALL_NAME_BASE = "@rpath";
				GCC_OPTIMIZATION_LEVEL = s;
				MACOSX_DEPLOYMENT_TARGET = 10.10;
				OTHER_SWIFT_FLAGS = "-DXcode";
				PRODUCT_NAME = "$(TARGET_NAME)";
				SDKROOT = macosx;
				SUPPORTED_PLATFORMS = "macosx iphoneos iphonesimulator appletvos appletvsimulator watchos watchsimulator";
				SWIFT_ACTIVE_COMPILATION_CONDITIONS = SWIFT_PACKAGE;
				SWIFT_OPTIMIZATION_LEVEL = "-O";
				SWIFT_VERSION = 3.0;
				USE_HEADERMAP = NO;
			};
			name = Release;
		};
		OBJ_42 /* Debug */ = {
			isa = XCBuildConfiguration;
			buildSettings = {
				DEFINES_MODULE = YES;
				ENABLE_TESTABILITY = YES;
				FRAMEWORK_SEARCH_PATHS = (
					"$(inherited)",
					"$(PLATFORM_DIR)/Developer/Library/Frameworks",
				);
				HEADER_SEARCH_PATHS = (
					"$(inherited)",
					"Packages/CAsl-0.1.0/Sources/include",
				);
				INFOPLIST_FILE = SwifterLog.xcodeproj/CAsl_Info.plist;
				LD_RUNPATH_SEARCH_PATHS = "$(TOOLCHAIN_DIR)/usr/lib/swift/macosx";
				MODULEMAP_FILE = SwifterLog.xcodeproj/GeneratedModuleMap/CAsl/module.modulemap;
				OTHER_LDFLAGS = "$(inherited)";
				OTHER_SWIFT_FLAGS = "$(inherited)";
				PRODUCT_BUNDLE_IDENTIFIER = CAsl;
				PRODUCT_MODULE_NAME = "$(TARGET_NAME:c99extidentifier)";
				PRODUCT_NAME = "$(TARGET_NAME:c99extidentifier)";
				TARGET_NAME = CAsl;
			};
			name = Debug;
		};
		OBJ_43 /* Release */ = {
			isa = XCBuildConfiguration;
			buildSettings = {
				DEFINES_MODULE = YES;
				ENABLE_TESTABILITY = YES;
				FRAMEWORK_SEARCH_PATHS = (
					"$(inherited)",
					"$(PLATFORM_DIR)/Developer/Library/Frameworks",
				);
				HEADER_SEARCH_PATHS = (
					"$(inherited)",
					"Packages/CAsl-0.1.0/Sources/include",
				);
				INFOPLIST_FILE = SwifterLog.xcodeproj/CAsl_Info.plist;
				LD_RUNPATH_SEARCH_PATHS = "$(TOOLCHAIN_DIR)/usr/lib/swift/macosx";
				MODULEMAP_FILE = SwifterLog.xcodeproj/GeneratedModuleMap/CAsl/module.modulemap;
				OTHER_LDFLAGS = "$(inherited)";
				OTHER_SWIFT_FLAGS = "$(inherited)";
				PRODUCT_BUNDLE_IDENTIFIER = CAsl;
				PRODUCT_MODULE_NAME = "$(TARGET_NAME:c99extidentifier)";
				PRODUCT_NAME = "$(TARGET_NAME:c99extidentifier)";
				TARGET_NAME = CAsl;
			};
			name = Release;
		};
		OBJ_50 /* Debug */ = {
			isa = XCBuildConfiguration;
			buildSettings = {
				DEFINES_MODULE = YES;
				ENABLE_TESTABILITY = YES;
				FRAMEWORK_SEARCH_PATHS = (
					"$(inherited)",
					"$(PLATFORM_DIR)/Developer/Library/Frameworks",
				);
				HEADER_SEARCH_PATHS = "$(inherited)";
				INFOPLIST_FILE = SwifterLog.xcodeproj/Ascii_Info.plist;
				LD_RUNPATH_SEARCH_PATHS = "$(TOOLCHAIN_DIR)/usr/lib/swift/macosx";
				OTHER_LDFLAGS = "$(inherited)";
				OTHER_SWIFT_FLAGS = "$(inherited)";
				PRODUCT_BUNDLE_IDENTIFIER = Ascii;
				PRODUCT_MODULE_NAME = "$(TARGET_NAME:c99extidentifier)";
				PRODUCT_NAME = "$(TARGET_NAME:c99extidentifier)";
				TARGET_NAME = Ascii;
			};
			name = Debug;
		};
		OBJ_51 /* Release */ = {
			isa = XCBuildConfiguration;
			buildSettings = {
				DEFINES_MODULE = YES;
				ENABLE_TESTABILITY = YES;
				FRAMEWORK_SEARCH_PATHS = (
					"$(inherited)",
					"$(PLATFORM_DIR)/Developer/Library/Frameworks",
				);
				HEADER_SEARCH_PATHS = "$(inherited)";
				INFOPLIST_FILE = SwifterLog.xcodeproj/Ascii_Info.plist;
				LD_RUNPATH_SEARCH_PATHS = "$(TOOLCHAIN_DIR)/usr/lib/swift/macosx";
				OTHER_LDFLAGS = "$(inherited)";
				OTHER_SWIFT_FLAGS = "$(inherited)";
				PRODUCT_BUNDLE_IDENTIFIER = Ascii;
				PRODUCT_MODULE_NAME = "$(TARGET_NAME:c99extidentifier)";
				PRODUCT_NAME = "$(TARGET_NAME:c99extidentifier)";
				TARGET_NAME = Ascii;
			};
			name = Release;
		};
		OBJ_57 /* Debug */ = {
			isa = XCBuildConfiguration;
			buildSettings = {
				DEFINES_MODULE = YES;
				ENABLE_TESTABILITY = YES;
				FRAMEWORK_SEARCH_PATHS = (
					"$(inherited)",
					"$(PLATFORM_DIR)/Developer/Library/Frameworks",
				);
				HEADER_SEARCH_PATHS = "$(inherited)";
				INFOPLIST_FILE = SwifterLog.xcodeproj/SwifterJSON_Info.plist;
				LD_RUNPATH_SEARCH_PATHS = "$(TOOLCHAIN_DIR)/usr/lib/swift/macosx";
				OTHER_LDFLAGS = "$(inherited)";
				OTHER_SWIFT_FLAGS = "$(inherited)";
				PRODUCT_BUNDLE_IDENTIFIER = SwifterJSON;
				PRODUCT_MODULE_NAME = "$(TARGET_NAME:c99extidentifier)";
				PRODUCT_NAME = "$(TARGET_NAME:c99extidentifier)";
				TARGET_NAME = SwifterJSON;
			};
			name = Debug;
		};
		OBJ_58 /* Release */ = {
			isa = XCBuildConfiguration;
			buildSettings = {
				DEFINES_MODULE = YES;
				ENABLE_TESTABILITY = YES;
				FRAMEWORK_SEARCH_PATHS = (
					"$(inherited)",
					"$(PLATFORM_DIR)/Developer/Library/Frameworks",
				);
				HEADER_SEARCH_PATHS = "$(inherited)";
				INFOPLIST_FILE = SwifterLog.xcodeproj/SwifterJSON_Info.plist;
				LD_RUNPATH_SEARCH_PATHS = "$(TOOLCHAIN_DIR)/usr/lib/swift/macosx";
				OTHER_LDFLAGS = "$(inherited)";
				OTHER_SWIFT_FLAGS = "$(inherited)";
				PRODUCT_BUNDLE_IDENTIFIER = SwifterJSON;
				PRODUCT_MODULE_NAME = "$(TARGET_NAME:c99extidentifier)";
				PRODUCT_NAME = "$(TARGET_NAME:c99extidentifier)";
				TARGET_NAME = SwifterJSON;
			};
			name = Release;
		};
		OBJ_66 /* Debug */ = {
			isa = XCBuildConfiguration;
			buildSettings = {
				DEFINES_MODULE = YES;
				ENABLE_TESTABILITY = YES;
				FRAMEWORK_SEARCH_PATHS = (
					"$(inherited)",
					"$(PLATFORM_DIR)/Developer/Library/Frameworks",
				);
				HEADER_SEARCH_PATHS = "$(inherited)";
				INFOPLIST_FILE = SwifterLog.xcodeproj/SwifterSockets_Info.plist;
				LD_RUNPATH_SEARCH_PATHS = "$(TOOLCHAIN_DIR)/usr/lib/swift/macosx";
				OTHER_LDFLAGS = "$(inherited)";
				OTHER_SWIFT_FLAGS = "$(inherited)";
				PRODUCT_BUNDLE_IDENTIFIER = SwifterSockets;
				PRODUCT_MODULE_NAME = "$(TARGET_NAME:c99extidentifier)";
				PRODUCT_NAME = "$(TARGET_NAME:c99extidentifier)";
				TARGET_NAME = SwifterSockets;
			};
			name = Debug;
		};
		OBJ_67 /* Release */ = {
			isa = XCBuildConfiguration;
			buildSettings = {
				DEFINES_MODULE = YES;
				ENABLE_TESTABILITY = YES;
				FRAMEWORK_SEARCH_PATHS = (
					"$(inherited)",
					"$(PLATFORM_DIR)/Developer/Library/Frameworks",
				);
				HEADER_SEARCH_PATHS = "$(inherited)";
				INFOPLIST_FILE = SwifterLog.xcodeproj/SwifterSockets_Info.plist;
				LD_RUNPATH_SEARCH_PATHS = "$(TOOLCHAIN_DIR)/usr/lib/swift/macosx";
				OTHER_LDFLAGS = "$(inherited)";
				OTHER_SWIFT_FLAGS = "$(inherited)";
				PRODUCT_BUNDLE_IDENTIFIER = SwifterSockets;
				PRODUCT_MODULE_NAME = "$(TARGET_NAME:c99extidentifier)";
				PRODUCT_NAME = "$(TARGET_NAME:c99extidentifier)";
				TARGET_NAME = SwifterSockets;
			};
			name = Release;
		};
		OBJ_79 /* Debug */ = {
			isa = XCBuildConfiguration;
			buildSettings = {
				DEFINES_MODULE = YES;
				ENABLE_TESTABILITY = YES;
				FRAMEWORK_SEARCH_PATHS = (
					"$(inherited)",
					"$(PLATFORM_DIR)/Developer/Library/Frameworks",
				);
				HEADER_SEARCH_PATHS = (
					"$(inherited)",
					"Packages/CAsl-0.1.0/Sources/include",
				);
				INFOPLIST_FILE = SwifterLog.xcodeproj/SwifterLog_Info.plist;
				LD_RUNPATH_SEARCH_PATHS = "$(TOOLCHAIN_DIR)/usr/lib/swift/macosx";
				LIBRARY_SEARCH_PATHS = "$(PROJECT_TEMP_DIR)/SymlinkLibs/";
				OTHER_LDFLAGS = "$(inherited)";
				OTHER_SWIFT_FLAGS = "$(inherited)";
				PRODUCT_BUNDLE_IDENTIFIER = SwifterLog;
				PRODUCT_MODULE_NAME = "$(TARGET_NAME:c99extidentifier)";
				PRODUCT_NAME = "$(TARGET_NAME:c99extidentifier)";
				TARGET_NAME = SwifterLog;
			};
			name = Debug;
		};
		OBJ_80 /* Release */ = {
			isa = XCBuildConfiguration;
			buildSettings = {
				DEFINES_MODULE = YES;
				ENABLE_TESTABILITY = YES;
				FRAMEWORK_SEARCH_PATHS = (
					"$(inherited)",
					"$(PLATFORM_DIR)/Developer/Library/Frameworks",
				);
				HEADER_SEARCH_PATHS = (
					"$(inherited)",
					"Packages/CAsl-0.1.0/Sources/include",
				);
				INFOPLIST_FILE = SwifterLog.xcodeproj/SwifterLog_Info.plist;
				LD_RUNPATH_SEARCH_PATHS = "$(TOOLCHAIN_DIR)/usr/lib/swift/macosx";
				LIBRARY_SEARCH_PATHS = "$(PROJECT_TEMP_DIR)/SymlinkLibs/";
				OTHER_LDFLAGS = "$(inherited)";
				OTHER_SWIFT_FLAGS = "$(inherited)";
				PRODUCT_BUNDLE_IDENTIFIER = SwifterLog;
				PRODUCT_MODULE_NAME = "$(TARGET_NAME:c99extidentifier)";
				PRODUCT_NAME = "$(TARGET_NAME:c99extidentifier)";
				TARGET_NAME = SwifterLog;
			};
			name = Release;
		};
		OBJ_95 /* Debug */ = {
			isa = XCBuildConfiguration;
			buildSettings = {
				EMBEDDED_CONTENT_CONTAINS_SWIFT = YES;
				FRAMEWORK_SEARCH_PATHS = (
					"$(inherited)",
					"$(PLATFORM_DIR)/Developer/Library/Frameworks",
				);
				HEADER_SEARCH_PATHS = (
					"$(inherited)",
					"Packages/CAsl-0.1.0/Sources/include",
				);
				INFOPLIST_FILE = SwifterLog.xcodeproj/SwifterLogTests_Info.plist;
				LD_RUNPATH_SEARCH_PATHS = "@loader_path/../Frameworks";
				LIBRARY_SEARCH_PATHS = "$(PROJECT_TEMP_DIR)/SymlinkLibs/";
				OTHER_LDFLAGS = "$(inherited)";
				OTHER_SWIFT_FLAGS = "$(inherited)";
				TARGET_NAME = SwifterLogTests;
			};
			name = Debug;
		};
		OBJ_96 /* Release */ = {
			isa = XCBuildConfiguration;
			buildSettings = {
				EMBEDDED_CONTENT_CONTAINS_SWIFT = YES;
				FRAMEWORK_SEARCH_PATHS = (
					"$(inherited)",
					"$(PLATFORM_DIR)/Developer/Library/Frameworks",
				);
				HEADER_SEARCH_PATHS = (
					"$(inherited)",
					"Packages/CAsl-0.1.0/Sources/include",
				);
				INFOPLIST_FILE = SwifterLog.xcodeproj/SwifterLogTests_Info.plist;
				LD_RUNPATH_SEARCH_PATHS = "@loader_path/../Frameworks";
				LIBRARY_SEARCH_PATHS = "$(PROJECT_TEMP_DIR)/SymlinkLibs/";
				OTHER_LDFLAGS = "$(inherited)";
				OTHER_SWIFT_FLAGS = "$(inherited)";
				TARGET_NAME = SwifterLogTests;
			};
			name = Release;
		};
/* End XCBuildConfiguration section */

/* Begin XCConfigurationList section */
		OBJ_2 /* Build configuration list for PBXProject "SwifterLog" */ = {
			isa = XCConfigurationList;
			buildConfigurations = (
				OBJ_3 /* Debug */,
				OBJ_4 /* Release */,
			);
			defaultConfigurationIsVisible = 0;
			defaultConfigurationName = Debug;
		};
		OBJ_41 /* Build configuration list for PBXNativeTarget "CAsl" */ = {
			isa = XCConfigurationList;
			buildConfigurations = (
				OBJ_42 /* Debug */,
				OBJ_43 /* Release */,
			);
			defaultConfigurationIsVisible = 0;
			defaultConfigurationName = Debug;
		};
		OBJ_49 /* Build configuration list for PBXNativeTarget "Ascii" */ = {
			isa = XCConfigurationList;
			buildConfigurations = (
				OBJ_50 /* Debug */,
				OBJ_51 /* Release */,
			);
			defaultConfigurationIsVisible = 0;
			defaultConfigurationName = Debug;
		};
		OBJ_56 /* Build configuration list for PBXNativeTarget "SwifterJSON" */ = {
			isa = XCConfigurationList;
			buildConfigurations = (
				OBJ_57 /* Debug */,
				OBJ_58 /* Release */,
			);
			defaultConfigurationIsVisible = 0;
			defaultConfigurationName = Debug;
		};
		OBJ_65 /* Build configuration list for PBXNativeTarget "SwifterSockets" */ = {
			isa = XCConfigurationList;
			buildConfigurations = (
				OBJ_66 /* Debug */,
				OBJ_67 /* Release */,
			);
			defaultConfigurationIsVisible = 0;
			defaultConfigurationName = Debug;
		};
		OBJ_78 /* Build configuration list for PBXNativeTarget "SwifterLog" */ = {
			isa = XCConfigurationList;
			buildConfigurations = (
				OBJ_79 /* Debug */,
				OBJ_80 /* Release */,
			);
			defaultConfigurationIsVisible = 0;
			defaultConfigurationName = Debug;
		};
		OBJ_94 /* Build configuration list for PBXNativeTarget "SwifterLogTests" */ = {
			isa = XCConfigurationList;
			buildConfigurations = (
				OBJ_95 /* Debug */,
				OBJ_96 /* Release */,
			);
			defaultConfigurationIsVisible = 0;
			defaultConfigurationName = Debug;
		};
/* End XCConfigurationList section */
	};
	rootObject = OBJ_1 /* Project object */;
}
