// !$*UTF8*$!
{
	archiveVersion = 1;
	classes = {
	};
	objectVersion = 46;
	objects = {

/* Begin PBXBuildFile section */
		863C1A081CC15A390076587F /* ASCII.swift in Sources */ = {isa = PBXBuildFile; fileRef = 863C1A061CC15A390076587F /* ASCII.swift */; };
		863C1A091CC15A390076587F /* VJson.swift in Sources */ = {isa = PBXBuildFile; fileRef = 863C1A071CC15A390076587F /* VJson.swift */; };
		863C1A0B1CC15C320076587F /* SwifterLog.swift in Sources */ = {isa = PBXBuildFile; fileRef = 863C1A0A1CC15C320076587F /* SwifterLog.swift */; };
		863C1A141CC15C770076587F /* SwifterSockets.swift in Sources */ = {isa = PBXBuildFile; fileRef = 863C1A0E1CC15C770076587F /* SwifterSockets.swift */; };
		863C1A151CC15C770076587F /* SwifterSockets.InitServer.swift in Sources */ = {isa = PBXBuildFile; fileRef = 863C1A0F1CC15C770076587F /* SwifterSockets.InitServer.swift */; };
		863C1A161CC15C770076587F /* SwifterSockets.InitClient.swift in Sources */ = {isa = PBXBuildFile; fileRef = 863C1A101CC15C770076587F /* SwifterSockets.InitClient.swift */; };
		863C1A171CC15C770076587F /* SwifterSockets.Transmit.swift in Sources */ = {isa = PBXBuildFile; fileRef = 863C1A111CC15C770076587F /* SwifterSockets.Transmit.swift */; };
		863C1A181CC15C770076587F /* SwifterSockets.Receive.swift in Sources */ = {isa = PBXBuildFile; fileRef = 863C1A121CC15C770076587F /* SwifterSockets.Receive.swift */; };
		863C1A191CC15C770076587F /* SwifterSockets.Accept.swift in Sources */ = {isa = PBXBuildFile; fileRef = 863C1A131CC15C770076587F /* SwifterSockets.Accept.swift */; };
		86E955241ABC6F370006057C /* AppDelegate.swift in Sources */ = {isa = PBXBuildFile; fileRef = 86E955231ABC6F370006057C /* AppDelegate.swift */; };
		86E955261ABC6F370006057C /* ViewController.swift in Sources */ = {isa = PBXBuildFile; fileRef = 86E955251ABC6F370006057C /* ViewController.swift */; };
		86E955281ABC6F370006057C /* Images.xcassets in Resources */ = {isa = PBXBuildFile; fileRef = 86E955271ABC6F370006057C /* Images.xcassets */; };
		86E9552B1ABC6F370006057C /* Main.storyboard in Resources */ = {isa = PBXBuildFile; fileRef = 86E955291ABC6F370006057C /* Main.storyboard */; };
		86E955431ABC6F520006057C /* asl-bridge.m in Sources */ = {isa = PBXBuildFile; fileRef = 86E955421ABC6F520006057C /* asl-bridge.m */; };
/* End PBXBuildFile section */

/* Begin PBXFileReference section */
		863C1A061CC15A390076587F /* ASCII.swift */ = {isa = PBXFileReference; fileEncoding = 4; lastKnownFileType = sourcecode.swift; name = ASCII.swift; path = ../../../SwifterJSON/github/SwifterJSON/SwifterJSON/ASCII.swift; sourceTree = "<group>"; };
		863C1A071CC15A390076587F /* VJson.swift */ = {isa = PBXFileReference; fileEncoding = 4; lastKnownFileType = sourcecode.swift; name = VJson.swift; path = ../../../SwifterJSON/github/SwifterJSON/SwifterJSON/VJson.swift; sourceTree = "<group>"; };
		863C1A0A1CC15C320076587F /* SwifterLog.swift */ = {isa = PBXFileReference; fileEncoding = 4; lastKnownFileType = sourcecode.swift; path = SwifterLog.swift; sourceTree = "<group>"; };
		863C1A0E1CC15C770076587F /* SwifterSockets.swift */ = {isa = PBXFileReference; fileEncoding = 4; lastKnownFileType = sourcecode.swift; name = SwifterSockets.swift; path = ../../../SwifterSockets/github/SwifterSockets/SwifterSockets/SwifterSockets.swift; sourceTree = "<group>"; };
		863C1A0F1CC15C770076587F /* SwifterSockets.InitServer.swift */ = {isa = PBXFileReference; fileEncoding = 4; lastKnownFileType = sourcecode.swift; name = SwifterSockets.InitServer.swift; path = ../../../SwifterSockets/github/SwifterSockets/SwifterSockets/SwifterSockets.InitServer.swift; sourceTree = "<group>"; };
		863C1A101CC15C770076587F /* SwifterSockets.InitClient.swift */ = {isa = PBXFileReference; fileEncoding = 4; lastKnownFileType = sourcecode.swift; name = SwifterSockets.InitClient.swift; path = ../../../SwifterSockets/github/SwifterSockets/SwifterSockets/SwifterSockets.InitClient.swift; sourceTree = "<group>"; };
		863C1A111CC15C770076587F /* SwifterSockets.Transmit.swift */ = {isa = PBXFileReference; fileEncoding = 4; lastKnownFileType = sourcecode.swift; name = SwifterSockets.Transmit.swift; path = ../../../SwifterSockets/github/SwifterSockets/SwifterSockets/SwifterSockets.Transmit.swift; sourceTree = "<group>"; };
		863C1A121CC15C770076587F /* SwifterSockets.Receive.swift */ = {isa = PBXFileReference; fileEncoding = 4; lastKnownFileType = sourcecode.swift; name = SwifterSockets.Receive.swift; path = ../../../SwifterSockets/github/SwifterSockets/SwifterSockets/SwifterSockets.Receive.swift; sourceTree = "<group>"; };
		863C1A131CC15C770076587F /* SwifterSockets.Accept.swift */ = {isa = PBXFileReference; fileEncoding = 4; lastKnownFileType = sourcecode.swift; name = SwifterSockets.Accept.swift; path = ../../../SwifterSockets/github/SwifterSockets/SwifterSockets/SwifterSockets.Accept.swift; sourceTree = "<group>"; };
		86E9551E1ABC6F370006057C /* SwifterLog.app */ = {isa = PBXFileReference; explicitFileType = wrapper.application; includeInIndex = 0; path = SwifterLog.app; sourceTree = BUILT_PRODUCTS_DIR; };
		86E955221ABC6F370006057C /* Info.plist */ = {isa = PBXFileReference; lastKnownFileType = text.plist.xml; path = Info.plist; sourceTree = "<group>"; };
		86E955231ABC6F370006057C /* AppDelegate.swift */ = {isa = PBXFileReference; lastKnownFileType = sourcecode.swift; path = AppDelegate.swift; sourceTree = "<group>"; };
		86E955251ABC6F370006057C /* ViewController.swift */ = {isa = PBXFileReference; lastKnownFileType = sourcecode.swift; path = ViewController.swift; sourceTree = "<group>"; };
		86E955271ABC6F370006057C /* Images.xcassets */ = {isa = PBXFileReference; lastKnownFileType = folder.assetcatalog; path = Images.xcassets; sourceTree = "<group>"; };
		86E9552A1ABC6F370006057C /* Base */ = {isa = PBXFileReference; lastKnownFileType = file.storyboard; name = Base; path = Base.lproj/Main.storyboard; sourceTree = "<group>"; };
		86E955351ABC6F370006057C /* Info.plist */ = {isa = PBXFileReference; lastKnownFileType = text.plist.xml; path = Info.plist; sourceTree = "<group>"; };
		86E955361ABC6F370006057C /* SwifterLogTests.swift */ = {isa = PBXFileReference; lastKnownFileType = sourcecode.swift; path = SwifterLogTests.swift; sourceTree = "<group>"; };
		86E955401ABC6F510006057C /* SwifterLog-Bridging-Header.h */ = {isa = PBXFileReference; lastKnownFileType = sourcecode.c.h; path = "SwifterLog-Bridging-Header.h"; sourceTree = "<group>"; };
		86E955411ABC6F520006057C /* asl-bridge.h */ = {isa = PBXFileReference; fileEncoding = 4; lastKnownFileType = sourcecode.c.h; path = "asl-bridge.h"; sourceTree = "<group>"; };
		86E955421ABC6F520006057C /* asl-bridge.m */ = {isa = PBXFileReference; fileEncoding = 4; lastKnownFileType = sourcecode.c.objc; path = "asl-bridge.m"; sourceTree = "<group>"; };
/* End PBXFileReference section */

/* Begin PBXFrameworksBuildPhase section */
		86E9551B1ABC6F370006057C /* Frameworks */ = {
			isa = PBXFrameworksBuildPhase;
			buildActionMask = 2147483647;
			files = (
			);
			runOnlyForDeploymentPostprocessing = 0;
		};
/* End PBXFrameworksBuildPhase section */

/* Begin PBXGroup section */
		863C1A051CC15A180076587F /* SwifterJSON */ = {
			isa = PBXGroup;
			children = (
				863C1A061CC15A390076587F /* ASCII.swift */,
				863C1A071CC15A390076587F /* VJson.swift */,
			);
			name = SwifterJSON;
			sourceTree = "<group>";
		};
		863C1A0D1CC15C4B0076587F /* SwifterSockets */ = {
			isa = PBXGroup;
			children = (
				863C1A0E1CC15C770076587F /* SwifterSockets.swift */,
				863C1A0F1CC15C770076587F /* SwifterSockets.InitServer.swift */,
				863C1A101CC15C770076587F /* SwifterSockets.InitClient.swift */,
				863C1A111CC15C770076587F /* SwifterSockets.Transmit.swift */,
				863C1A121CC15C770076587F /* SwifterSockets.Receive.swift */,
				863C1A131CC15C770076587F /* SwifterSockets.Accept.swift */,
			);
			name = SwifterSockets;
			sourceTree = "<group>";
		};
		86E955151ABC6F370006057C = {
			isa = PBXGroup;
			children = (
				863C1A0D1CC15C4B0076587F /* SwifterSockets */,
				863C1A051CC15A180076587F /* SwifterJSON */,
				86E955201ABC6F370006057C /* SwifterLog */,
				86E955331ABC6F370006057C /* SwifterLogTests */,
				86E9551F1ABC6F370006057C /* Products */,
			);
			sourceTree = "<group>";
		};
		86E9551F1ABC6F370006057C /* Products */ = {
			isa = PBXGroup;
			children = (
				86E9551E1ABC6F370006057C /* SwifterLog.app */,
			);
			name = Products;
			sourceTree = "<group>";
		};
		86E955201ABC6F370006057C /* SwifterLog */ = {
			isa = PBXGroup;
			children = (
				86E955231ABC6F370006057C /* AppDelegate.swift */,
				86E955251ABC6F370006057C /* ViewController.swift */,
				86E955411ABC6F520006057C /* asl-bridge.h */,
				86E955421ABC6F520006057C /* asl-bridge.m */,
				863C1A0A1CC15C320076587F /* SwifterLog.swift */,
				86E955271ABC6F370006057C /* Images.xcassets */,
				86E955291ABC6F370006057C /* Main.storyboard */,
				86E955211ABC6F370006057C /* Supporting Files */,
				86E955401ABC6F510006057C /* SwifterLog-Bridging-Header.h */,
			);
			path = SwifterLog;
			sourceTree = "<group>";
		};
		86E955211ABC6F370006057C /* Supporting Files */ = {
			isa = PBXGroup;
			children = (
				86E955221ABC6F370006057C /* Info.plist */,
			);
			name = "Supporting Files";
			sourceTree = "<group>";
		};
		86E955331ABC6F370006057C /* SwifterLogTests */ = {
			isa = PBXGroup;
			children = (
				86E955361ABC6F370006057C /* SwifterLogTests.swift */,
				86E955341ABC6F370006057C /* Supporting Files */,
			);
			path = SwifterLogTests;
			sourceTree = "<group>";
		};
		86E955341ABC6F370006057C /* Supporting Files */ = {
			isa = PBXGroup;
			children = (
				86E955351ABC6F370006057C /* Info.plist */,
			);
			name = "Supporting Files";
			sourceTree = "<group>";
		};
/* End PBXGroup section */

/* Begin PBXNativeTarget section */
		86E9551D1ABC6F370006057C /* SwifterLog */ = {
			isa = PBXNativeTarget;
			buildConfigurationList = 86E9553A1ABC6F370006057C /* Build configuration list for PBXNativeTarget "SwifterLog" */;
			buildPhases = (
				86E9551A1ABC6F370006057C /* Sources */,
				86E9551B1ABC6F370006057C /* Frameworks */,
				86E9551C1ABC6F370006057C /* Resources */,
			);
			buildRules = (
			);
			dependencies = (
			);
			name = SwifterLog;
			productName = SwifterLog;
			productReference = 86E9551E1ABC6F370006057C /* SwifterLog.app */;
			productType = "com.apple.product-type.application";
		};
/* End PBXNativeTarget section */

/* Begin PBXProject section */
		86E955161ABC6F370006057C /* Project object */ = {
			isa = PBXProject;
			attributes = {
				LastSwiftUpdateCheck = 0700;
				LastUpgradeCheck = 0700;
				ORGANIZATIONNAME = "Marinus van der Lugt";
				TargetAttributes = {
					86E9551D1ABC6F370006057C = {
						CreatedOnToolsVersion = 6.3;
					};
				};
			};
			buildConfigurationList = 86E955191ABC6F370006057C /* Build configuration list for PBXProject "SwifterLog" */;
			compatibilityVersion = "Xcode 3.2";
			developmentRegion = English;
			hasScannedForEncodings = 0;
			knownRegions = (
				en,
				Base,
			);
			mainGroup = 86E955151ABC6F370006057C;
			productRefGroup = 86E9551F1ABC6F370006057C /* Products */;
			projectDirPath = "";
			projectRoot = "";
			targets = (
				86E9551D1ABC6F370006057C /* SwifterLog */,
			);
		};
/* End PBXProject section */

/* Begin PBXResourcesBuildPhase section */
		86E9551C1ABC6F370006057C /* Resources */ = {
			isa = PBXResourcesBuildPhase;
			buildActionMask = 2147483647;
			files = (
				86E955281ABC6F370006057C /* Images.xcassets in Resources */,
				86E9552B1ABC6F370006057C /* Main.storyboard in Resources */,
			);
			runOnlyForDeploymentPostprocessing = 0;
		};
/* End PBXResourcesBuildPhase section */

/* Begin PBXSourcesBuildPhase section */
		86E9551A1ABC6F370006057C /* Sources */ = {
			isa = PBXSourcesBuildPhase;
			buildActionMask = 2147483647;
			files = (
				863C1A091CC15A390076587F /* VJson.swift in Sources */,
				863C1A141CC15C770076587F /* SwifterSockets.swift in Sources */,
				863C1A081CC15A390076587F /* ASCII.swift in Sources */,
				863C1A151CC15C770076587F /* SwifterSockets.InitServer.swift in Sources */,
				863C1A191CC15C770076587F /* SwifterSockets.Accept.swift in Sources */,
				86E955431ABC6F520006057C /* asl-bridge.m in Sources */,
				86E955261ABC6F370006057C /* ViewController.swift in Sources */,
				863C1A181CC15C770076587F /* SwifterSockets.Receive.swift in Sources */,
				863C1A171CC15C770076587F /* SwifterSockets.Transmit.swift in Sources */,
				86E955241ABC6F370006057C /* AppDelegate.swift in Sources */,
				863C1A161CC15C770076587F /* SwifterSockets.InitClient.swift in Sources */,
				863C1A0B1CC15C320076587F /* SwifterLog.swift in Sources */,
			);
			runOnlyForDeploymentPostprocessing = 0;
		};
/* End PBXSourcesBuildPhase section */

/* Begin PBXVariantGroup section */
		86E955291ABC6F370006057C /* Main.storyboard */ = {
			isa = PBXVariantGroup;
			children = (
				86E9552A1ABC6F370006057C /* Base */,
			);
			name = Main.storyboard;
			sourceTree = "<group>";
		};
/* End PBXVariantGroup section */

/* Begin XCBuildConfiguration section */
		86E955381ABC6F370006057C /* Debug */ = {
			isa = XCBuildConfiguration;
			buildSettings = {
				ALWAYS_SEARCH_USER_PATHS = NO;
				CLANG_CXX_LANGUAGE_STANDARD = "gnu++0x";
				CLANG_CXX_LIBRARY = "libc++";
				CLANG_ENABLE_MODULES = YES;
				CLANG_ENABLE_OBJC_ARC = YES;
				CLANG_WARN_BOOL_CONVERSION = YES;
				CLANG_WARN_CONSTANT_CONVERSION = YES;
				CLANG_WARN_DIRECT_OBJC_ISA_USAGE = YES_ERROR;
				CLANG_WARN_EMPTY_BODY = YES;
				CLANG_WARN_ENUM_CONVERSION = YES;
				CLANG_WARN_INT_CONVERSION = YES;
				CLANG_WARN_OBJC_ROOT_CLASS = YES_ERROR;
				CLANG_WARN_UNREACHABLE_CODE = YES;
				CLANG_WARN__DUPLICATE_METHOD_MATCH = YES;
				CODE_SIGN_IDENTITY = "-";
				COPY_PHASE_STRIP = NO;
				DEBUG_INFORMATION_FORMAT = dwarf;
				ENABLE_STRICT_OBJC_MSGSEND = YES;
				ENABLE_TESTABILITY = YES;
				GCC_C_LANGUAGE_STANDARD = gnu99;
				GCC_DYNAMIC_NO_PIC = NO;
				GCC_NO_COMMON_BLOCKS = YES;
				GCC_OPTIMIZATION_LEVEL = 0;
				GCC_PREPROCESSOR_DEFINITIONS = (
					"DEBUG=1",
					"$(inherited)",
				);
				GCC_SYMBOLS_PRIVATE_EXTERN = NO;
				GCC_WARN_64_TO_32_BIT_CONVERSION = YES;
				GCC_WARN_ABOUT_RETURN_TYPE = YES_ERROR;
				GCC_WARN_UNDECLARED_SELECTOR = YES;
				GCC_WARN_UNINITIALIZED_AUTOS = YES_AGGRESSIVE;
				GCC_WARN_UNUSED_FUNCTION = YES;
				GCC_WARN_UNUSED_VARIABLE = YES;
				MACOSX_DEPLOYMENT_TARGET = 10.10;
				MTL_ENABLE_DEBUG_INFO = YES;
				ONLY_ACTIVE_ARCH = YES;
				SDKROOT = macosx;
				SWIFT_OPTIMIZATION_LEVEL = "-Onone";
			};
			name = Debug;
		};
		86E955391ABC6F370006057C /* Release */ = {
			isa = XCBuildConfiguration;
			buildSettings = {
				ALWAYS_SEARCH_USER_PATHS = NO;
				CLANG_CXX_LANGUAGE_STANDARD = "gnu++0x";
				CLANG_CXX_LIBRARY = "libc++";
				CLANG_ENABLE_MODULES = YES;
				CLANG_ENABLE_OBJC_ARC = YES;
				CLANG_WARN_BOOL_CONVERSION = YES;
				CLANG_WARN_CONSTANT_CONVERSION = YES;
				CLANG_WARN_DIRECT_OBJC_ISA_USAGE = YES_ERROR;
				CLANG_WARN_EMPTY_BODY = YES;
				CLANG_WARN_ENUM_CONVERSION = YES;
				CLANG_WARN_INT_CONVERSION = YES;
				CLANG_WARN_OBJC_ROOT_CLASS = YES_ERROR;
				CLANG_WARN_UNREACHABLE_CODE = YES;
				CLANG_WARN__DUPLICATE_METHOD_MATCH = YES;
				CODE_SIGN_IDENTITY = "-";
				COPY_PHASE_STRIP = NO;
				DEBUG_INFORMATION_FORMAT = "dwarf-with-dsym";
				ENABLE_NS_ASSERTIONS = NO;
				ENABLE_STRICT_OBJC_MSGSEND = YES;
				GCC_C_LANGUAGE_STANDARD = gnu99;
				GCC_NO_COMMON_BLOCKS = YES;
				GCC_WARN_64_TO_32_BIT_CONVERSION = YES;
				GCC_WARN_ABOUT_RETURN_TYPE = YES_ERROR;
				GCC_WARN_UNDECLARED_SELECTOR = YES;
				GCC_WARN_UNINITIALIZED_AUTOS = YES_AGGRESSIVE;
				GCC_WARN_UNUSED_FUNCTION = YES;
				GCC_WARN_UNUSED_VARIABLE = YES;
				MACOSX_DEPLOYMENT_TARGET = 10.10;
				MTL_ENABLE_DEBUG_INFO = NO;
				SDKROOT = macosx;
			};
			name = Release;
		};
		86E9553B1ABC6F370006057C /* Debug */ = {
			isa = XCBuildConfiguration;
			buildSettings = {
				ASSETCATALOG_COMPILER_APPICON_NAME = AppIcon;
				CLANG_ENABLE_MODULES = YES;
				COMBINE_HIDPI_IMAGES = YES;
				INFOPLIST_FILE = SwifterLog/Info.plist;
				LD_RUNPATH_SEARCH_PATHS = "$(inherited) @executable_path/../Frameworks";
				PRODUCT_BUNDLE_IDENTIFIER = "nl.balancingrock.$(PRODUCT_NAME:rfc1034identifier)";
				PRODUCT_NAME = "$(TARGET_NAME)";
				SWIFT_OBJC_BRIDGING_HEADER = "SwifterLog/SwifterLog-Bridging-Header.h";
				SWIFT_OPTIMIZATION_LEVEL = "-Onone";
			};
			name = Debug;
		};
		86E9553C1ABC6F370006057C /* Release */ = {
			isa = XCBuildConfiguration;
			buildSettings = {
				ASSETCATALOG_COMPILER_APPICON_NAME = AppIcon;
				CLANG_ENABLE_MODULES = YES;
				COMBINE_HIDPI_IMAGES = YES;
				INFOPLIST_FILE = SwifterLog/Info.plist;
				LD_RUNPATH_SEARCH_PATHS = "$(inherited) @executable_path/../Frameworks";
				PRODUCT_BUNDLE_IDENTIFIER = "nl.balancingrock.$(PRODUCT_NAME:rfc1034identifier)";
				PRODUCT_NAME = "$(TARGET_NAME)";
				SWIFT_OBJC_BRIDGING_HEADER = "SwifterLog/SwifterLog-Bridging-Header.h";
			};
			name = Release;
		};
/* End XCBuildConfiguration section */

/* Begin XCConfigurationList section */
		86E955191ABC6F370006057C /* Build configuration list for PBXProject "SwifterLog" */ = {
			isa = XCConfigurationList;
			buildConfigurations = (
				86E955381ABC6F370006057C /* Debug */,
				86E955391ABC6F370006057C /* Release */,
			);
			defaultConfigurationIsVisible = 0;
			defaultConfigurationName = Release;
		};
		86E9553A1ABC6F370006057C /* Build configuration list for PBXNativeTarget "SwifterLog" */ = {
			isa = XCConfigurationList;
			buildConfigurations = (
				86E9553B1ABC6F370006057C /* Debug */,
				86E9553C1ABC6F370006057C /* Release */,
			);
			defaultConfigurationIsVisible = 0;
			defaultConfigurationName = Release;
		};
/* End XCConfigurationList section */
	};
	rootObject = 86E955161ABC6F370006057C /* Project object */;
}
